
Microsoft Visual Studio Solution File, Format Version 12.00
# Visual Studio 15
VisualStudioVersion = 15.0.27130.2010
MinimumVisualStudioVersion = 10.0.40219.1
Project("{FAE04EC0-301F-11D3-BF4B-00C04F79EFBC}") = "AimDatabaseInterface", "AimDatabaseInterface\AimDatabaseInterface.csproj", "{0EDF0969-DC7D-4940-9F71-0F54C19DE99E}"
EndProject
Global
	GlobalSection(SolutionConfigurationPlatforms) = preSolution
		Debug|Any CPU = Debug|Any CPU
		Release|Any CPU = Release|Any CPU
	EndGlobalSection
	GlobalSection(ProjectConfigurationPlatforms) = postSolution
		{0EDF0969-DC7D-4940-9F71-0F54C19DE99E}.Debug|Any CPU.ActiveCfg = Debug|Any CPU
		{0EDF0969-DC7D-4940-9F71-0F54C19DE99E}.Debug|Any CPU.Build.0 = Debug|Any CPU
		{0EDF0969-DC7D-4940-9F71-0F54C19DE99E}.Release|Any CPU.ActiveCfg = Release|Any CPU
		{0EDF0969-DC7D-4940-9F71-0F54C19DE99E}.Release|Any CPU.Build.0 = Release|Any CPU
	EndGlobalSection
	GlobalSection(SolutionProperties) = preSolution
		HideSolutionNode = FALSE
	EndGlobalSection
	GlobalSection(ExtensibilityGlobals) = postSolution
		SolutionGuid = {17400126-8B9D-476B-9D28-D8ED04757FB1}
	EndGlobalSection
EndGlobal
