
Microsoft Visual Studio Solution File, Format Version 12.00
# Visual Studio 15
VisualStudioVersion = 15.0.26730.16
MinimumVisualStudioVersion = 10.0.40219.1
Project("{FAE04EC0-301F-11D3-BF4B-00C04F79EFBC}") = "BluetoothPC", "BluetoothPC\BluetoothPC.csproj", "{F1C130BA-F95A-4E1A-B31D-1F3166ED4C6A}"
EndProject
Global
	GlobalSection(SolutionConfigurationPlatforms) = preSolution
		Debug|Any CPU = Debug|Any CPU
		Release|Any CPU = Release|Any CPU
	EndGlobalSection
	GlobalSection(ProjectConfigurationPlatforms) = postSolution
		{F1C130BA-F95A-4E1A-B31D-1F3166ED4C6A}.Debug|Any CPU.ActiveCfg = Debug|Any CPU
		{F1C130BA-F95A-4E1A-B31D-1F3166ED4C6A}.Debug|Any CPU.Build.0 = Debug|Any CPU
		{F1C130BA-F95A-4E1A-B31D-1F3166ED4C6A}.Release|Any CPU.ActiveCfg = Release|Any CPU
		{F1C130BA-F95A-4E1A-B31D-1F3166ED4C6A}.Release|Any CPU.Build.0 = Release|Any CPU
	EndGlobalSection
	GlobalSection(SolutionProperties) = preSolution
		HideSolutionNode = FALSE
	EndGlobalSection
	GlobalSection(ExtensibilityGlobals) = postSolution
		SolutionGuid = {D9C8B15B-3151-408D-8D17-5C9D5AD12FDD}
	EndGlobalSection
EndGlobal
