
Microsoft Visual Studio Solution File, Format Version 12.00
# Visual Studio 15
VisualStudioVersion = 15.0.27130.2010
MinimumVisualStudioVersion = 10.0.40219.1
Project("{FAE04EC0-301F-11D3-BF4B-00C04F79EFBC}") = "Maintainer", "Maintainer\Maintainer.csproj", "{728CC676-B7D9-456F-A0DE-8E2CE61ADC1F}"
EndProject
Project("{FAE04EC0-301F-11D3-BF4B-00C04F79EFBC}") = "EFLayer", "..\EFLayer\EFLayer\EFLayer.csproj", "{0219D0DB-7ED2-409E-ABFA-E544C26C5016}"
EndProject
Project("{FAE04EC0-301F-11D3-BF4B-00C04F79EFBC}") = "AimDatabaseInterface", "..\..\..\Libraries\C#\AimDatabaseInterface\AimDatabaseInterface\AimDatabaseInterface.csproj", "{0EDF0969-DC7D-4940-9F71-0F54C19DE99E}"
EndProject
Global
	GlobalSection(SolutionConfigurationPlatforms) = preSolution
		Debug|Any CPU = Debug|Any CPU
		Release|Any CPU = Release|Any CPU
	EndGlobalSection
	GlobalSection(ProjectConfigurationPlatforms) = postSolution
		{728CC676-B7D9-456F-A0DE-8E2CE61ADC1F}.Debug|Any CPU.ActiveCfg = Debug|Any CPU
		{728CC676-B7D9-456F-A0DE-8E2CE61ADC1F}.Debug|Any CPU.Build.0 = Debug|Any CPU
		{728CC676-B7D9-456F-A0DE-8E2CE61ADC1F}.Release|Any CPU.ActiveCfg = Release|Any CPU
		{728CC676-B7D9-456F-A0DE-8E2CE61ADC1F}.Release|Any CPU.Build.0 = Release|Any CPU
		{0219D0DB-7ED2-409E-ABFA-E544C26C5016}.Debug|Any CPU.ActiveCfg = Debug|Any CPU
		{0219D0DB-7ED2-409E-ABFA-E544C26C5016}.Debug|Any CPU.Build.0 = Debug|Any CPU
		{0219D0DB-7ED2-409E-ABFA-E544C26C5016}.Release|Any CPU.ActiveCfg = Release|Any CPU
		{0219D0DB-7ED2-409E-ABFA-E544C26C5016}.Release|Any CPU.Build.0 = Release|Any CPU
		{0EDF0969-DC7D-4940-9F71-0F54C19DE99E}.Debug|Any CPU.ActiveCfg = Debug|Any CPU
		{0EDF0969-DC7D-4940-9F71-0F54C19DE99E}.Debug|Any CPU.Build.0 = Debug|Any CPU
		{0EDF0969-DC7D-4940-9F71-0F54C19DE99E}.Release|Any CPU.ActiveCfg = Release|Any CPU
		{0EDF0969-DC7D-4940-9F71-0F54C19DE99E}.Release|Any CPU.Build.0 = Release|Any CPU
	EndGlobalSection
	GlobalSection(SolutionProperties) = preSolution
		HideSolutionNode = FALSE
	EndGlobalSection
	GlobalSection(ExtensibilityGlobals) = postSolution
		SolutionGuid = {6A9AA97C-1AAF-410E-A15E-B3D170ED8CB3}
	EndGlobalSection
EndGlobal
